// !$*UTF8*$!
{
	archiveVersion = 1;
	classes = {
	};
	objectVersion = 46;
	objects = {

/* Begin PBXBuildFile section */
		2765AD17188F053B00843358 /* Foundation.framework in Frameworks */ = {isa = PBXBuildFile; fileRef = 2765AD16188F053B00843358 /* Foundation.framework */; };
		2765AD19188F053B00843358 /* CoreGraphics.framework in Frameworks */ = {isa = PBXBuildFile; fileRef = 2765AD18188F053B00843358 /* CoreGraphics.framework */; };
		2765AD1B188F053B00843358 /* UIKit.framework in Frameworks */ = {isa = PBXBuildFile; fileRef = 2765AD1A188F053B00843358 /* UIKit.framework */; };
		2765AD21188F053B00843358 /* InfoPlist.strings in Resources */ = {isa = PBXBuildFile; fileRef = 2765AD1F188F053B00843358 /* InfoPlist.strings */; };
		2765AD23188F053B00843358 /* main.m in Sources */ = {isa = PBXBuildFile; fileRef = 2765AD22188F053B00843358 /* main.m */; };
		2765AD27188F053B00843358 /* AppDelegate.m in Sources */ = {isa = PBXBuildFile; fileRef = 2765AD26188F053B00843358 /* AppDelegate.m */; };
		2765AD2A188F053B00843358 /* Main.storyboard in Resources */ = {isa = PBXBuildFile; fileRef = 2765AD28188F053B00843358 /* Main.storyboard */; };
		2765AD2D188F053C00843358 /* ViewController.m in Sources */ = {isa = PBXBuildFile; fileRef = 2765AD2C188F053C00843358 /* ViewController.m */; };
		2765AD2F188F053C00843358 /* Images.xcassets in Resources */ = {isa = PBXBuildFile; fileRef = 2765AD2E188F053C00843358 /* Images.xcassets */; };
		2765AD36188F053C00843358 /* XCTest.framework in Frameworks */ = {isa = PBXBuildFile; fileRef = 2765AD35188F053C00843358 /* XCTest.framework */; };
		2765AD37188F053C00843358 /* Foundation.framework in Frameworks */ = {isa = PBXBuildFile; fileRef = 2765AD16188F053B00843358 /* Foundation.framework */; };
		2765AD38188F053C00843358 /* UIKit.framework in Frameworks */ = {isa = PBXBuildFile; fileRef = 2765AD1A188F053B00843358 /* UIKit.framework */; };
		2765AD40188F053C00843358 /* InfoPlist.strings in Resources */ = {isa = PBXBuildFile; fileRef = 2765AD3E188F053C00843358 /* InfoPlist.strings */; };
		2765AD42188F053C00843358 /* GetOnThatBusTests.m in Sources */ = {isa = PBXBuildFile; fileRef = 2765AD41188F053C00843358 /* GetOnThatBusTests.m */; };
		2765AD4E188F05DC00843358 /* MapKit.framework in Frameworks */ = {isa = PBXBuildFile; fileRef = 2765AD4D188F05DC00843358 /* MapKit.framework */; };
		2765AD51188F1DEF00843358 /* DetailViewController.m in Sources */ = {isa = PBXBuildFile; fileRef = 2765AD50188F1DEF00843358 /* DetailViewController.m */; };
		2765AD54188F2CA200843358 /* BusPointAnnotation.m in Sources */ = {isa = PBXBuildFile; fileRef = 2765AD53188F2CA200843358 /* BusPointAnnotation.m */; };
/* End PBXBuildFile section */

/* Begin PBXContainerItemProxy section */
		2765AD39188F053C00843358 /* PBXContainerItemProxy */ = {
			isa = PBXContainerItemProxy;
			containerPortal = 2765AD0B188F053B00843358 /* Project object */;
			proxyType = 1;
			remoteGlobalIDString = 2765AD12188F053B00843358;
			remoteInfo = GetOnThatBus;
		};
/* End PBXContainerItemProxy section */

/* Begin PBXFileReference section */
		2765AD13188F053B00843358 /* GetOnThatBus.app */ = {isa = PBXFileReference; explicitFileType = wrapper.application; includeInIndex = 0; path = GetOnThatBus.app; sourceTree = BUILT_PRODUCTS_DIR; };
		2765AD16188F053B00843358 /* Foundation.framework */ = {isa = PBXFileReference; lastKnownFileType = wrapper.framework; name = Foundation.framework; path = System/Library/Frameworks/Foundation.framework; sourceTree = SDKROOT; };
		2765AD18188F053B00843358 /* CoreGraphics.framework */ = {isa = PBXFileReference; lastKnownFileType = wrapper.framework; name = CoreGraphics.framework; path = System/Library/Frameworks/CoreGraphics.framework; sourceTree = SDKROOT; };
		2765AD1A188F053B00843358 /* UIKit.framework */ = {isa = PBXFileReference; lastKnownFileType = wrapper.framework; name = UIKit.framework; path = System/Library/Frameworks/UIKit.framework; sourceTree = SDKROOT; };
		2765AD1E188F053B00843358 /* GetOnThatBus-Info.plist */ = {isa = PBXFileReference; lastKnownFileType = text.plist.xml; path = "GetOnThatBus-Info.plist"; sourceTree = "<group>"; };
		2765AD20188F053B00843358 /* en */ = {isa = PBXFileReference; lastKnownFileType = text.plist.strings; name = en; path = en.lproj/InfoPlist.strings; sourceTree = "<group>"; };
		2765AD22188F053B00843358 /* main.m */ = {isa = PBXFileReference; lastKnownFileType = sourcecode.c.objc; path = main.m; sourceTree = "<group>"; };
		2765AD24188F053B00843358 /* GetOnThatBus-Prefix.pch */ = {isa = PBXFileReference; lastKnownFileType = sourcecode.c.h; path = "GetOnThatBus-Prefix.pch"; sourceTree = "<group>"; };
		2765AD25188F053B00843358 /* AppDelegate.h */ = {isa = PBXFileReference; lastKnownFileType = sourcecode.c.h; path = AppDelegate.h; sourceTree = "<group>"; };
		2765AD26188F053B00843358 /* AppDelegate.m */ = {isa = PBXFileReference; lastKnownFileType = sourcecode.c.objc; path = AppDelegate.m; sourceTree = "<group>"; };
		2765AD29188F053B00843358 /* Base */ = {isa = PBXFileReference; lastKnownFileType = file.storyboard; name = Base; path = Base.lproj/Main.storyboard; sourceTree = "<group>"; };
		2765AD2B188F053C00843358 /* ViewController.h */ = {isa = PBXFileReference; lastKnownFileType = sourcecode.c.h; path = ViewController.h; sourceTree = "<group>"; };
		2765AD2C188F053C00843358 /* ViewController.m */ = {isa = PBXFileReference; lastKnownFileType = sourcecode.c.objc; path = ViewController.m; sourceTree = "<group>"; };
		2765AD2E188F053C00843358 /* Images.xcassets */ = {isa = PBXFileReference; lastKnownFileType = folder.assetcatalog; path = Images.xcassets; sourceTree = "<group>"; };
		2765AD34188F053C00843358 /* GetOnThatBusTests.xctest */ = {isa = PBXFileReference; explicitFileType = wrapper.cfbundle; includeInIndex = 0; path = GetOnThatBusTests.xctest; sourceTree = BUILT_PRODUCTS_DIR; };
		2765AD35188F053C00843358 /* XCTest.framework */ = {isa = PBXFileReference; lastKnownFileType = wrapper.framework; name = XCTest.framework; path = Library/Frameworks/XCTest.framework; sourceTree = DEVELOPER_DIR; };
		2765AD3D188F053C00843358 /* GetOnThatBusTests-Info.plist */ = {isa = PBXFileReference; lastKnownFileType = text.plist.xml; path = "GetOnThatBusTests-Info.plist"; sourceTree = "<group>"; };
		2765AD3F188F053C00843358 /* en */ = {isa = PBXFileReference; lastKnownFileType = text.plist.strings; name = en; path = en.lproj/InfoPlist.strings; sourceTree = "<group>"; };
		2765AD41188F053C00843358 /* GetOnThatBusTests.m */ = {isa = PBXFileReference; lastKnownFileType = sourcecode.c.objc; path = GetOnThatBusTests.m; sourceTree = "<group>"; };
		2765AD4D188F05DC00843358 /* MapKit.framework */ = {isa = PBXFileReference; lastKnownFileType = wrapper.framework; name = MapKit.framework; path = System/Library/Frameworks/MapKit.framework; sourceTree = SDKROOT; };
		2765AD4F188F1DEF00843358 /* DetailViewController.h */ = {isa = PBXFileReference; fileEncoding = 4; lastKnownFileType = sourcecode.c.h; path = DetailViewController.h; sourceTree = "<group>"; };
		2765AD50188F1DEF00843358 /* DetailViewController.m */ = {isa = PBXFileReference; fileEncoding = 4; lastKnownFileType = sourcecode.c.objc; path = DetailViewController.m; sourceTree = "<group>"; };
		2765AD52188F2CA200843358 /* BusPointAnnotation.h */ = {isa = PBXFileReference; fileEncoding = 4; lastKnownFileType = sourcecode.c.h; path = BusPointAnnotation.h; sourceTree = "<group>"; };
		2765AD53188F2CA200843358 /* BusPointAnnotation.m */ = {isa = PBXFileReference; fileEncoding = 4; lastKnownFileType = sourcecode.c.objc; path = BusPointAnnotation.m; sourceTree = "<group>"; };
/* End PBXFileReference section */

/* Begin PBXFrameworksBuildPhase section */
		2765AD10188F053B00843358 /* Frameworks */ = {
			isa = PBXFrameworksBuildPhase;
			buildActionMask = 2147483647;
			files = (
				2765AD19188F053B00843358 /* CoreGraphics.framework in Frameworks */,
				2765AD4E188F05DC00843358 /* MapKit.framework in Frameworks */,
				2765AD1B188F053B00843358 /* UIKit.framework in Frameworks */,
				2765AD17188F053B00843358 /* Foundation.framework in Frameworks */,
			);
			runOnlyForDeploymentPostprocessing = 0;
		};
		2765AD31188F053C00843358 /* Frameworks */ = {
			isa = PBXFrameworksBuildPhase;
			buildActionMask = 2147483647;
			files = (
				2765AD36188F053C00843358 /* XCTest.framework in Frameworks */,
				2765AD38188F053C00843358 /* UIKit.framework in Frameworks */,
				2765AD37188F053C00843358 /* Foundation.framework in Frameworks */,
			);
			runOnlyForDeploymentPostprocessing = 0;
		};
/* End PBXFrameworksBuildPhase section */

/* Begin PBXGroup section */
		2765AD0A188F053B00843358 = {
			isa = PBXGroup;
			children = (
				2765AD1C188F053B00843358 /* GetOnThatBus */,
				2765AD3B188F053C00843358 /* GetOnThatBusTests */,
				2765AD15188F053B00843358 /* Frameworks */,
				2765AD14188F053B00843358 /* Products */,
			);
			sourceTree = "<group>";
		};
		2765AD14188F053B00843358 /* Products */ = {
			isa = PBXGroup;
			children = (
				2765AD13188F053B00843358 /* GetOnThatBus.app */,
				2765AD34188F053C00843358 /* GetOnThatBusTests.xctest */,
			);
			name = Products;
			sourceTree = "<group>";
		};
		2765AD15188F053B00843358 /* Frameworks */ = {
			isa = PBXGroup;
			children = (
				2765AD4D188F05DC00843358 /* MapKit.framework */,
				2765AD16188F053B00843358 /* Foundation.framework */,
				2765AD18188F053B00843358 /* CoreGraphics.framework */,
				2765AD1A188F053B00843358 /* UIKit.framework */,
				2765AD35188F053C00843358 /* XCTest.framework */,
			);
			name = Frameworks;
			sourceTree = "<group>";
		};
		2765AD1C188F053B00843358 /* GetOnThatBus */ = {
			isa = PBXGroup;
			children = (
				2765AD25188F053B00843358 /* AppDelegate.h */,
				2765AD26188F053B00843358 /* AppDelegate.m */,
				2765AD28188F053B00843358 /* Main.storyboard */,
				2765AD4F188F1DEF00843358 /* DetailViewController.h */,
				2765AD50188F1DEF00843358 /* DetailViewController.m */,
				2765AD2B188F053C00843358 /* ViewController.h */,
				2765AD2C188F053C00843358 /* ViewController.m */,
				2765AD52188F2CA200843358 /* BusPointAnnotation.h */,
				2765AD53188F2CA200843358 /* BusPointAnnotation.m */,
				2765AD2E188F053C00843358 /* Images.xcassets */,
				2765AD1D188F053B00843358 /* Supporting Files */,
			);
			path = GetOnThatBus;
			sourceTree = "<group>";
		};
		2765AD1D188F053B00843358 /* Supporting Files */ = {
			isa = PBXGroup;
			children = (
				2765AD1E188F053B00843358 /* GetOnThatBus-Info.plist */,
				2765AD1F188F053B00843358 /* InfoPlist.strings */,
				2765AD22188F053B00843358 /* main.m */,
				2765AD24188F053B00843358 /* GetOnThatBus-Prefix.pch */,
			);
			name = "Supporting Files";
			sourceTree = "<group>";
		};
		2765AD3B188F053C00843358 /* GetOnThatBusTests */ = {
			isa = PBXGroup;
			children = (
				2765AD41188F053C00843358 /* GetOnThatBusTests.m */,
				2765AD3C188F053C00843358 /* Supporting Files */,
			);
			path = GetOnThatBusTests;
			sourceTree = "<group>";
		};
		2765AD3C188F053C00843358 /* Supporting Files */ = {
			isa = PBXGroup;
			children = (
				2765AD3D188F053C00843358 /* GetOnThatBusTests-Info.plist */,
				2765AD3E188F053C00843358 /* InfoPlist.strings */,
			);
			name = "Supporting Files";
			sourceTree = "<group>";
		};
/* End PBXGroup section */

/* Begin PBXNativeTarget section */
		2765AD12188F053B00843358 /* GetOnThatBus */ = {
			isa = PBXNativeTarget;
			buildConfigurationList = 2765AD45188F053C00843358 /* Build configuration list for PBXNativeTarget "GetOnThatBus" */;
			buildPhases = (
				2765AD0F188F053B00843358 /* Sources */,
				2765AD10188F053B00843358 /* Frameworks */,
				2765AD11188F053B00843358 /* Resources */,
			);
			buildRules = (
			);
			dependencies = (
			);
			name = GetOnThatBus;
			productName = GetOnThatBus;
			productReference = 2765AD13188F053B00843358 /* GetOnThatBus.app */;
			productType = "com.apple.product-type.application";
		};
		2765AD33188F053C00843358 /* GetOnThatBusTests */ = {
			isa = PBXNativeTarget;
			buildConfigurationList = 2765AD48188F053C00843358 /* Build configuration list for PBXNativeTarget "GetOnThatBusTests" */;
			buildPhases = (
				2765AD30188F053C00843358 /* Sources */,
				2765AD31188F053C00843358 /* Frameworks */,
				2765AD32188F053C00843358 /* Resources */,
			);
			buildRules = (
			);
			dependencies = (
				2765AD3A188F053C00843358 /* PBXTargetDependency */,
			);
			name = GetOnThatBusTests;
			productName = GetOnThatBusTests;
			productReference = 2765AD34188F053C00843358 /* GetOnThatBusTests.xctest */;
			productType = "com.apple.product-type.bundle.unit-test";
		};
/* End PBXNativeTarget section */

/* Begin PBXProject section */
		2765AD0B188F053B00843358 /* Project object */ = {
			isa = PBXProject;
			attributes = {
				LastUpgradeCheck = 0500;
				ORGANIZATIONNAME = "Sonam Mehta";
				TargetAttributes = {
					2765AD33188F053C00843358 = {
						TestTargetID = 2765AD12188F053B00843358;
					};
				};
			};
			buildConfigurationList = 2765AD0E188F053B00843358 /* Build configuration list for PBXProject "GetOnThatBus" */;
			compatibilityVersion = "Xcode 3.2";
			developmentRegion = English;
			hasScannedForEncodings = 0;
			knownRegions = (
				en,
				Base,
			);
			mainGroup = 2765AD0A188F053B00843358;
			productRefGroup = 2765AD14188F053B00843358 /* Products */;
			projectDirPath = "";
			projectRoot = "";
			targets = (
				2765AD12188F053B00843358 /* GetOnThatBus */,
				2765AD33188F053C00843358 /* GetOnThatBusTests */,
			);
		};
/* End PBXProject section */

/* Begin PBXResourcesBuildPhase section */
		2765AD11188F053B00843358 /* Resources */ = {
			isa = PBXResourcesBuildPhase;
			buildActionMask = 2147483647;
			files = (
				2765AD2F188F053C00843358 /* Images.xcassets in Resources */,
				2765AD21188F053B00843358 /* InfoPlist.strings in Resources */,
				2765AD2A188F053B00843358 /* Main.storyboard in Resources */,
			);
			runOnlyForDeploymentPostprocessing = 0;
		};
		2765AD32188F053C00843358 /* Resources */ = {
			isa = PBXResourcesBuildPhase;
			buildActionMask = 2147483647;
			files = (
				2765AD40188F053C00843358 /* InfoPlist.strings in Resources */,
			);
			runOnlyForDeploymentPostprocessing = 0;
		};
/* End PBXResourcesBuildPhase section */

/* Begin PBXSourcesBuildPhase section */
		2765AD0F188F053B00843358 /* Sources */ = {
			isa = PBXSourcesBuildPhase;
			buildActionMask = 2147483647;
			files = (
				2765AD2D188F053C00843358 /* ViewController.m in Sources */,
				2765AD27188F053B00843358 /* AppDelegate.m in Sources */,
				2765AD54188F2CA200843358 /* BusPointAnnotation.m in Sources */,
				2765AD23188F053B00843358 /* main.m in Sources */,
				2765AD51188F1DEF00843358 /* DetailViewController.m in Sources */,
			);
			runOnlyForDeploymentPostprocessing = 0;
		};
		2765AD30188F053C00843358 /* Sources */ = {
			isa = PBXSourcesBuildPhase;
			buildActionMask = 2147483647;
			files = (
				2765AD42188F053C00843358 /* GetOnThatBusTests.m in Sources */,
			);
			runOnlyForDeploymentPostprocessing = 0;
		};
/* End PBXSourcesBuildPhase section */

/* Begin PBXTargetDependency section */
		2765AD3A188F053C00843358 /* PBXTargetDependency */ = {
			isa = PBXTargetDependency;
			target = 2765AD12188F053B00843358 /* GetOnThatBus */;
			targetProxy = 2765AD39188F053C00843358 /* PBXContainerItemProxy */;
		};
/* End PBXTargetDependency section */

/* Begin PBXVariantGroup section */
		2765AD1F188F053B00843358 /* InfoPlist.strings */ = {
			isa = PBXVariantGroup;
			children = (
				2765AD20188F053B00843358 /* en */,
			);
			name = InfoPlist.strings;
			sourceTree = "<group>";
		};
		2765AD28188F053B00843358 /* Main.storyboard */ = {
			isa = PBXVariantGroup;
			children = (
				2765AD29188F053B00843358 /* Base */,
			);
			name = Main.storyboard;
			sourceTree = "<group>";
		};
		2765AD3E188F053C00843358 /* InfoPlist.strings */ = {
			isa = PBXVariantGroup;
			children = (
				2765AD3F188F053C00843358 /* en */,
			);
			name = InfoPlist.strings;
			sourceTree = "<group>";
		};
/* End PBXVariantGroup section */

/* Begin XCBuildConfiguration section */
		2765AD43188F053C00843358 /* Debug */ = {
			isa = XCBuildConfiguration;
			buildSettings = {
				ALWAYS_SEARCH_USER_PATHS = NO;
				ARCHS = "$(ARCHS_STANDARD_INCLUDING_64_BIT)";
				CLANG_CXX_LANGUAGE_STANDARD = "gnu++0x";
				CLANG_CXX_LIBRARY = "libc++";
				CLANG_ENABLE_MODULES = YES;
				CLANG_ENABLE_OBJC_ARC = YES;
				CLANG_WARN_BOOL_CONVERSION = YES;
				CLANG_WARN_CONSTANT_CONVERSION = YES;
				CLANG_WARN_DIRECT_OBJC_ISA_USAGE = YES_ERROR;
				CLANG_WARN_EMPTY_BODY = YES;
				CLANG_WARN_ENUM_CONVERSION = YES;
				CLANG_WARN_INT_CONVERSION = YES;
				CLANG_WARN_OBJC_ROOT_CLASS = YES_ERROR;
				CLANG_WARN__DUPLICATE_METHOD_MATCH = YES;
				"CODE_SIGN_IDENTITY[sdk=iphoneos*]" = "iPhone Developer";
				COPY_PHASE_STRIP = NO;
				GCC_C_LANGUAGE_STANDARD = gnu99;
				GCC_DYNAMIC_NO_PIC = NO;
				GCC_OPTIMIZATION_LEVEL = 0;
				GCC_PREPROCESSOR_DEFINITIONS = (
					"DEBUG=1",
					"$(inherited)",
				);
				GCC_SYMBOLS_PRIVATE_EXTERN = NO;
				GCC_WARN_64_TO_32_BIT_CONVERSION = YES;
				GCC_WARN_ABOUT_RETURN_TYPE = YES_ERROR;
				GCC_WARN_UNDECLARED_SELECTOR = YES;
				GCC_WARN_UNINITIALIZED_AUTOS = YES;
				GCC_WARN_UNUSED_FUNCTION = YES;
				GCC_WARN_UNUSED_VARIABLE = YES;
				IPHONEOS_DEPLOYMENT_TARGET = 7.0;
				ONLY_ACTIVE_ARCH = YES;
				SDKROOT = iphoneos;
			};
			name = Debug;
		};
		2765AD44188F053C00843358 /* Release */ = {
			isa = XCBuildConfiguration;
			buildSettings = {
				ALWAYS_SEARCH_USER_PATHS = NO;
				ARCHS = "$(ARCHS_STANDARD_INCLUDING_64_BIT)";
				CLANG_CXX_LANGUAGE_STANDARD = "gnu++0x";
				CLANG_CXX_LIBRARY = "libc++";
				CLANG_ENABLE_MODULES = YES;
				CLANG_ENABLE_OBJC_ARC = YES;
				CLANG_WARN_BOOL_CONVERSION = YES;
				CLANG_WARN_CONSTANT_CONVERSION = YES;
				CLANG_WARN_DIRECT_OBJC_ISA_USAGE = YES_ERROR;
				CLANG_WARN_EMPTY_BODY = YES;
				CLANG_WARN_ENUM_CONVERSION = YES;
				CLANG_WARN_INT_CONVERSION = YES;
				CLANG_WARN_OBJC_ROOT_CLASS = YES_ERROR;
				CLANG_WARN__DUPLICATE_METHOD_MATCH = YES;
				"CODE_SIGN_IDENTITY[sdk=iphoneos*]" = "iPhone Developer";
				COPY_PHASE_STRIP = YES;
				ENABLE_NS_ASSERTIONS = NO;
				GCC_C_LANGUAGE_STANDARD = gnu99;
				GCC_WARN_64_TO_32_BIT_CONVERSION = YES;
				GCC_WARN_ABOUT_RETURN_TYPE = YES_ERROR;
				GCC_WARN_UNDECLARED_SELECTOR = YES;
				GCC_WARN_UNINITIALIZED_AUTOS = YES;
				GCC_WARN_UNUSED_FUNCTION = YES;
				GCC_WARN_UNUSED_VARIABLE = YES;
				IPHONEOS_DEPLOYMENT_TARGET = 7.0;
				SDKROOT = iphoneos;
				VALIDATE_PRODUCT = YES;
			};
			name = Release;
		};
		2765AD46188F053C00843358 /* Debug */ = {
			isa = XCBuildConfiguration;
			buildSettings = {
				ASSETCATALOG_COMPILER_APPICON_NAME = AppIcon;
				ASSETCATALOG_COMPILER_LAUNCHIMAGE_NAME = LaunchImage;
				GCC_PRECOMPILE_PREFIX_HEADER = YES;
				GCC_PREFIX_HEADER = "GetOnThatBus/GetOnThatBus-Prefix.pch";
				INFOPLIST_FILE = "GetOnThatBus/GetOnThatBus-Info.plist";
				PRODUCT_NAME = "$(TARGET_NAME)";
				WRAPPER_EXTENSION = app;
			};
			name = Debug;
		};
		2765AD47188F053C00843358 /* Release */ = {
			isa = XCBuildConfiguration;
			buildSettings = {
				ASSETCATALOG_COMPILER_APPICON_NAME = AppIcon;
				ASSETCATALOG_COMPILER_LAUNCHIMAGE_NAME = LaunchImage;
				GCC_PRECOMPILE_PREFIX_HEADER = YES;
				GCC_PREFIX_HEADER = "GetOnThatBus/GetOnThatBus-Prefix.pch";
				INFOPLIST_FILE = "GetOnThatBus/GetOnThatBus-Info.plist";
				PRODUCT_NAME = "$(TARGET_NAME)";
				WRAPPER_EXTENSION = app;
			};
			name = Release;
		};
		2765AD49188F053C00843358 /* Debug */ = {
			isa = XCBuildConfiguration;
			buildSettings = {
				ARCHS = "$(ARCHS_STANDARD_INCLUDING_64_BIT)";
				BUNDLE_LOADER = "$(BUILT_PRODUCTS_DIR)/GetOnThatBus.app/GetOnThatBus";
				FRAMEWORK_SEARCH_PATHS = (
					"$(SDKROOT)/Developer/Library/Frameworks",
					"$(inherited)",
					"$(DEVELOPER_FRAMEWORKS_DIR)",
				);
				GCC_PRECOMPILE_PREFIX_HEADER = YES;
				GCC_PREFIX_HEADER = "GetOnThatBus/GetOnThatBus-Prefix.pch";
				GCC_PREPROCESSOR_DEFINITIONS = (
					"DEBUG=1",
					"$(inherited)",
				);
				INFOPLIST_FILE = "GetOnThatBusTests/GetOnThatBusTests-Info.plist";
				PRODUCT_NAME = "$(TARGET_NAME)";
				TEST_HOST = "$(BUNDLE_LOADER)";
				WRAPPER_EXTENSION = xctest;
			};
			name = Debug;
		};
		2765AD4A188F053C00843358 /* Release */ = {
			isa = XCBuildConfiguration;
			buildSettings = {
				ARCHS = "$(ARCHS_STANDARD_INCLUDING_64_BIT)";
				BUNDLE_LOADER = "$(BUILT_PRODUCTS_DIR)/GetOnThatBus.app/GetOnThatBus";
				FRAMEWORK_SEARCH_PATHS = (
					"$(SDKROOT)/Developer/Library/Frameworks",
					"$(inherited)",
					"$(DEVELOPER_FRAMEWORKS_DIR)",
				);
				GCC_PRECOMPILE_PREFIX_HEADER = YES;
				GCC_PREFIX_HEADER = "GetOnThatBus/GetOnThatBus-Prefix.pch";
				INFOPLIST_FILE = "GetOnThatBusTests/GetOnThatBusTests-Info.plist";
				PRODUCT_NAME = "$(TARGET_NAME)";
				TEST_HOST = "$(BUNDLE_LOADER)";
				WRAPPER_EXTENSION = xctest;
			};
			name = Release;
		};
/* End XCBuildConfiguration section */

/* Begin XCConfigurationList section */
		2765AD0E188F053B00843358 /* Build configuration list for PBXProject "GetOnThatBus" */ = {
			isa = XCConfigurationList;
			buildConfigurations = (
				2765AD43188F053C00843358 /* Debug */,
				2765AD44188F053C00843358 /* Release */,
			);
			defaultConfigurationIsVisible = 0;
			defaultConfigurationName = Release;
		};
		2765AD45188F053C00843358 /* Build configuration list for PBXNativeTarget "GetOnThatBus" */ = {
			isa = XCConfigurationList;
			buildConfigurations = (
				2765AD46188F053C00843358 /* Debug */,
				2765AD47188F053C00843358 /* Release */,
			);
			defaultConfigurationIsVisible = 0;
		};
		2765AD48188F053C00843358 /* Build configuration list for PBXNativeTarget "GetOnThatBusTests" */ = {
			isa = XCConfigurationList;
			buildConfigurations = (
				2765AD49188F053C00843358 /* Debug */,
				2765AD4A188F053C00843358 /* Release */,
			);
			defaultConfigurationIsVisible = 0;
		};
/* End XCConfigurationList section */
	};
	rootObject = 2765AD0B188F053B00843358 /* Project object */;
}
